
Microsoft Visual Studio Solution File, Format Version 12.00
# Visual Studio Version 17
VisualStudioVersion = 17.4.33205.214
MinimumVisualStudioVersion = 10.0.40219.1
Project("{9A19103F-16F7-4668-BE54-9A1E7A4F7556}") = "reactproject", "reactproject\reactproject.csproj", "{5DB5EB50-A7C4-4D95-9347-60B05439C148}"
EndProject
Project("{54A90642-561A-4BB1-A94E-469ADEE60C69}") = "reactproject-front", "reactproject-front\reactproject-front.esproj", "{D07AFBFD-7DD1-42D3-A68E-6928509FE4DD}"
EndProject
Project("{FAE04EC0-301F-11D3-BF4B-00C04F79EFBC}") = "reactproject.Identity", "reactproject.Identity\reactproject.Identity.csproj", "{6303D792-6D90-478B-86FA-4BB3F813D06B}"
EndProject
Project("{FAE04EC0-301F-11D3-BF4B-00C04F79EFBC}") = "reactproject.Domain", "reactproject.Domain\reactproject.Domain.csproj", "{635DF4FA-097F-4BF1-B8E3-CDBECDD25FAA}"
EndProject
Global
	GlobalSection(SolutionConfigurationPlatforms) = preSolution
		Debug|Any CPU = Debug|Any CPU
		Release|Any CPU = Release|Any CPU
	EndGlobalSection
	GlobalSection(ProjectConfigurationPlatforms) = postSolution
		{5DB5EB50-A7C4-4D95-9347-60B05439C148}.Debug|Any CPU.ActiveCfg = Debug|Any CPU
		{5DB5EB50-A7C4-4D95-9347-60B05439C148}.Debug|Any CPU.Build.0 = Debug|Any CPU
		{5DB5EB50-A7C4-4D95-9347-60B05439C148}.Release|Any CPU.ActiveCfg = Release|Any CPU
		{5DB5EB50-A7C4-4D95-9347-60B05439C148}.Release|Any CPU.Build.0 = Release|Any CPU
		{D07AFBFD-7DD1-42D3-A68E-6928509FE4DD}.Debug|Any CPU.ActiveCfg = Debug|Any CPU
		{D07AFBFD-7DD1-42D3-A68E-6928509FE4DD}.Debug|Any CPU.Build.0 = Debug|Any CPU
		{D07AFBFD-7DD1-42D3-A68E-6928509FE4DD}.Debug|Any CPU.Deploy.0 = Debug|Any CPU
		{D07AFBFD-7DD1-42D3-A68E-6928509FE4DD}.Release|Any CPU.ActiveCfg = Release|Any CPU
		{D07AFBFD-7DD1-42D3-A68E-6928509FE4DD}.Release|Any CPU.Build.0 = Release|Any CPU
		{D07AFBFD-7DD1-42D3-A68E-6928509FE4DD}.Release|Any CPU.Deploy.0 = Release|Any CPU
		{6303D792-6D90-478B-86FA-4BB3F813D06B}.Debug|Any CPU.ActiveCfg = Debug|Any CPU
		{6303D792-6D90-478B-86FA-4BB3F813D06B}.Debug|Any CPU.Build.0 = Debug|Any CPU
		{6303D792-6D90-478B-86FA-4BB3F813D06B}.Release|Any CPU.ActiveCfg = Release|Any CPU
		{6303D792-6D90-478B-86FA-4BB3F813D06B}.Release|Any CPU.Build.0 = Release|Any CPU
		{635DF4FA-097F-4BF1-B8E3-CDBECDD25FAA}.Debug|Any CPU.ActiveCfg = Debug|Any CPU
		{635DF4FA-097F-4BF1-B8E3-CDBECDD25FAA}.Debug|Any CPU.Build.0 = Debug|Any CPU
		{635DF4FA-097F-4BF1-B8E3-CDBECDD25FAA}.Release|Any CPU.ActiveCfg = Release|Any CPU
		{635DF4FA-097F-4BF1-B8E3-CDBECDD25FAA}.Release|Any CPU.Build.0 = Release|Any CPU
	EndGlobalSection
	GlobalSection(SolutionProperties) = preSolution
		HideSolutionNode = FALSE
	EndGlobalSection
	GlobalSection(ExtensibilityGlobals) = postSolution
		SolutionGuid = {B9EE26D6-5894-4A5F-9FD1-D3DED10070FE}
	EndGlobalSection
EndGlobal
